// !$*UTF8*$!
{
	archiveVersion = 1;
	classes = {
	};
	objectVersion = 60;
	objects = {

/* Begin PBXBuildFile section */
		0728526F2BE6021200B453F0 /* Damage.swift in Sources */ = {isa = PBXBuildFile; fileRef = 0728526E2BE6021200B453F0 /* Damage.swift */; };
		072852712BE6022900B453F0 /* Planet.swift in Sources */ = {isa = PBXBuildFile; fileRef = 072852702BE6022900B453F0 /* Planet.swift */; };
		072852762BE6045600B453F0 /* Cargo.swift in Sources */ = {isa = PBXBuildFile; fileRef = 072852752BE6045600B453F0 /* Cargo.swift */; };
		072852782BE6046900B453F0 /* Asteroid.swift in Sources */ = {isa = PBXBuildFile; fileRef = 072852772BE6046900B453F0 /* Asteroid.swift */; };
		073BF2762BC0834600DAED55 /* AppModel.swift in Sources */ = {isa = PBXBuildFile; fileRef = 073BF2752BC0834600DAED55 /* AppModel.swift */; };
		073BF2782BC0875400DAED55 /* SceneReconstruction.swift in Sources */ = {isa = PBXBuildFile; fileRef = 073BF2772BC0875400DAED55 /* SceneReconstruction.swift */; };
		073DB2A02BF677A300642FED /* Algorithms in Frameworks */ = {isa = PBXBuildFile; productRef = 073DB29F2BF677A300642FED /* Algorithms */; };
		074979062BED7C6B0049673A /* Studio in Frameworks */ = {isa = PBXBuildFile; productRef = 074979052BED7C6B0049673A /* Studio */; };
		075A206F2BEC0B500033276B /* UnorderedPair.swift in Sources */ = {isa = PBXBuildFile; fileRef = 075A206E2BEC0B500033276B /* UnorderedPair.swift */; };
		076E69932BFA8B7000B49611 /* SpaceshipTests.swift in Sources */ = {isa = PBXBuildFile; fileRef = 076E69922BFA8B7000B49611 /* SpaceshipTests.swift */; };
		0777FCD62BDDAB070060A96B /* SIMD+.swift in Sources */ = {isa = PBXBuildFile; fileRef = 0777FCD52BDDAB070060A96B /* SIMD+.swift */; };
		0777FCD92BDDABB90060A96B /* ImmersiveViewModel.swift in Sources */ = {isa = PBXBuildFile; fileRef = 0777FCD82BDDABB90060A96B /* ImmersiveViewModel.swift */; };
		078028822BD9DF78006A4598 /* Gravity.swift in Sources */ = {isa = PBXBuildFile; fileRef = 078028812BD9DF78006A4598 /* Gravity.swift */; };
		07845B312BF40B29004BA9C9 /* Studio_Collision.usda in Resources */ = {isa = PBXBuildFile; fileRef = 07845B302BF40B29004BA9C9 /* Studio_Collision.usda */; };
		0791A50D2BF8272E0081A16F /* ImmersiveViewModel+Collisions.swift in Sources */ = {isa = PBXBuildFile; fileRef = 0791A50C2BF8272E0081A16F /* ImmersiveViewModel+Collisions.swift */; };
		07B36A772BE2DDBA00DC920A /* Entity+Spaceship.swift in Sources */ = {isa = PBXBuildFile; fileRef = 07B36A762BE2DDBA00DC920A /* Entity+Spaceship.swift */; };
		07E6C2692C0287E30046AA5D /* ImmersiveViewModel+Spaceship.swift in Sources */ = {isa = PBXBuildFile; fileRef = 07E6C2682C0287E30046AA5D /* ImmersiveViewModel+Spaceship.swift */; };
		07E806D42BCDBD880059CAA7 /* (null) in Resources */ = {isa = PBXBuildFile; };
		07E807612BD078D70059CAA7 /* RealityKitContent in Frameworks */ = {isa = PBXBuildFile; productRef = 07E807602BD078D70059CAA7 /* RealityKitContent */; };
		11F011E32C07C91A008D2A65 /* RealityView+WorldTracking.swift in Sources */ = {isa = PBXBuildFile; fileRef = 11F011E22C07C913008D2A65 /* RealityView+WorldTracking.swift */; };
		77DB51582B8448A700A747BC /* RealityKitContent in Frameworks */ = {isa = PBXBuildFile; productRef = 77DB51572B8448A700A747BC /* RealityKitContent */; };
		77DB515A2B8448A700A747BC /* SpaceshipApp.swift in Sources */ = {isa = PBXBuildFile; fileRef = 77DB51592B8448A700A747BC /* SpaceshipApp.swift */; };
		77DB515E2B8448A700A747BC /* ImmersiveView.swift in Sources */ = {isa = PBXBuildFile; fileRef = 77DB515D2B8448A700A747BC /* ImmersiveView.swift */; };
		77DB51602B8448A800A747BC /* Assets.xcassets in Resources */ = {isa = PBXBuildFile; fileRef = 77DB515F2B8448A800A747BC /* Assets.xcassets */; };
		77DB51632B8448A800A747BC /* Preview Assets.xcassets in Resources */ = {isa = PBXBuildFile; fileRef = 77DB51622B8448A800A747BC /* Preview Assets.xcassets */; };
/* End PBXBuildFile section */

/* Begin PBXContainerItemProxy section */
		076E69942BFA8B7000B49611 /* PBXContainerItemProxy */ = {
			isa = PBXContainerItemProxy;
			containerPortal = 77DB514A2B8448A700A747BC /* Project object */;
			proxyType = 1;
			remoteGlobalIDString = 77DB51512B8448A700A747BC;
			remoteInfo = Spaceship;
		};
/* End PBXContainerItemProxy section */

/* Begin PBXFileReference section */
		0728526E2BE6021200B453F0 /* Damage.swift */ = {isa = PBXFileReference; lastKnownFileType = sourcecode.swift; path = Damage.swift; sourceTree = "<group>"; };
		072852702BE6022900B453F0 /* Planet.swift */ = {isa = PBXFileReference; lastKnownFileType = sourcecode.swift; path = Planet.swift; sourceTree = "<group>"; };
		072852752BE6045600B453F0 /* Cargo.swift */ = {isa = PBXFileReference; lastKnownFileType = sourcecode.swift; path = Cargo.swift; sourceTree = "<group>"; };
		072852772BE6046900B453F0 /* Asteroid.swift */ = {isa = PBXFileReference; lastKnownFileType = sourcecode.swift; path = Asteroid.swift; sourceTree = "<group>"; };
		073BF2752BC0834600DAED55 /* AppModel.swift */ = {isa = PBXFileReference; lastKnownFileType = sourcecode.swift; path = AppModel.swift; sourceTree = "<group>"; };
		073BF2772BC0875400DAED55 /* SceneReconstruction.swift */ = {isa = PBXFileReference; lastKnownFileType = sourcecode.swift; path = SceneReconstruction.swift; sourceTree = "<group>"; };
		075A206E2BEC0B500033276B /* UnorderedPair.swift */ = {isa = PBXFileReference; lastKnownFileType = sourcecode.swift; path = UnorderedPair.swift; sourceTree = "<group>"; };
		076E69902BFA8B7000B49611 /* SpaceshipTests.xctest */ = {isa = PBXFileReference; explicitFileType = wrapper.cfbundle; includeInIndex = 0; path = SpaceshipTests.xctest; sourceTree = BUILT_PRODUCTS_DIR; };
		076E69922BFA8B7000B49611 /* SpaceshipTests.swift */ = {isa = PBXFileReference; lastKnownFileType = sourcecode.swift; path = SpaceshipTests.swift; sourceTree = "<group>"; };
		0777FCD52BDDAB070060A96B /* SIMD+.swift */ = {isa = PBXFileReference; lastKnownFileType = sourcecode.swift; path = "SIMD+.swift"; sourceTree = "<group>"; };
		0777FCD82BDDABB90060A96B /* ImmersiveViewModel.swift */ = {isa = PBXFileReference; lastKnownFileType = sourcecode.swift; path = ImmersiveViewModel.swift; sourceTree = "<group>"; };
		078028812BD9DF78006A4598 /* Gravity.swift */ = {isa = PBXFileReference; lastKnownFileType = sourcecode.swift; path = Gravity.swift; sourceTree = "<group>"; };
		07845B302BF40B29004BA9C9 /* Studio_Collision.usda */ = {isa = PBXFileReference; lastKnownFileType = text; path = Studio_Collision.usda; sourceTree = "<group>"; };
		0791A50C2BF8272E0081A16F /* ImmersiveViewModel+Collisions.swift */ = {isa = PBXFileReference; lastKnownFileType = sourcecode.swift; path = "ImmersiveViewModel+Collisions.swift"; sourceTree = "<group>"; };
		07B36A762BE2DDBA00DC920A /* Entity+Spaceship.swift */ = {isa = PBXFileReference; lastKnownFileType = sourcecode.swift; path = "Entity+Spaceship.swift"; sourceTree = "<group>"; };
		07E6C2682C0287E30046AA5D /* ImmersiveViewModel+Spaceship.swift */ = {isa = PBXFileReference; lastKnownFileType = sourcecode.swift; path = "ImmersiveViewModel+Spaceship.swift"; sourceTree = "<group>"; };
		11F011E22C07C913008D2A65 /* RealityView+WorldTracking.swift */ = {isa = PBXFileReference; lastKnownFileType = sourcecode.swift; path = "RealityView+WorldTracking.swift"; sourceTree = "<group>"; };
		3C4E05450CD208225B266934 /* SampleCode.xcconfig */ = {isa = PBXFileReference; lastKnownFileType = text.xcconfig; name = SampleCode.xcconfig; path = Configuration/SampleCode.xcconfig; sourceTree = "<group>"; };
		77DB51522B8448A700A747BC /* Spaceship.app */ = {isa = PBXFileReference; explicitFileType = wrapper.application; includeInIndex = 0; path = Spaceship.app; sourceTree = BUILT_PRODUCTS_DIR; };
		77DB51592B8448A700A747BC /* SpaceshipApp.swift */ = {isa = PBXFileReference; lastKnownFileType = sourcecode.swift; path = SpaceshipApp.swift; sourceTree = "<group>"; };
		77DB515D2B8448A700A747BC /* ImmersiveView.swift */ = {isa = PBXFileReference; lastKnownFileType = sourcecode.swift; path = ImmersiveView.swift; sourceTree = "<group>"; };
		77DB515F2B8448A800A747BC /* Assets.xcassets */ = {isa = PBXFileReference; lastKnownFileType = folder.assetcatalog; path = Assets.xcassets; sourceTree = "<group>"; };
		77DB51622B8448A800A747BC /* Preview Assets.xcassets */ = {isa = PBXFileReference; lastKnownFileType = folder.assetcatalog; path = "Preview Assets.xcassets"; sourceTree = "<group>"; };
		77DB51642B8448A800A747BC /* Info.plist */ = {isa = PBXFileReference; lastKnownFileType = text.plist.xml; path = Info.plist; sourceTree = "<group>"; };
		81ECE40D18D6B80B5A2FA2DD /* LICENSE.txt */ = {isa = PBXFileReference; includeInIndex = 1; lastKnownFileType = text; path = LICENSE.txt; sourceTree = "<group>"; };
		C1DF9A863AAD686DA8828DB0 /* README.md */ = {isa = PBXFileReference; lastKnownFileType = net.daringfireball.markdown; path = README.md; sourceTree = "<group>"; };
/* End PBXFileReference section */

/* Begin PBXFrameworksBuildPhase section */
		076E698D2BFA8B7000B49611 /* Frameworks */ = {
			isa = PBXFrameworksBuildPhase;
			buildActionMask = 2147483647;
			files = (
			);
			runOnlyForDeploymentPostprocessing = 0;
		};
		77DB514F2B8448A700A747BC /* Frameworks */ = {
			isa = PBXFrameworksBuildPhase;
			buildActionMask = 2147483647;
			files = (
				073DB2A02BF677A300642FED /* Algorithms in Frameworks */,
				77DB51582B8448A700A747BC /* RealityKitContent in Frameworks */,
				07E807612BD078D70059CAA7 /* RealityKitContent in Frameworks */,
				074979062BED7C6B0049673A /* Studio in Frameworks */,
			);
			runOnlyForDeploymentPostprocessing = 0;
		};
/* End PBXFrameworksBuildPhase section */

/* Begin PBXGroup section */
		071390F62BAE07A900D9C02F /* Frameworks */ = {
			isa = PBXGroup;
			children = (
			);
			name = Frameworks;
			sourceTree = "<group>";
		};
		0728526B2BE601B500B453F0 /* Gameplay */ = {
			isa = PBXGroup;
			children = (
				0728526E2BE6021200B453F0 /* Damage.swift */,
				072852702BE6022900B453F0 /* Planet.swift */,
				072852772BE6046900B453F0 /* Asteroid.swift */,
				072852752BE6045600B453F0 /* Cargo.swift */,
			);
			path = Gameplay;
			sourceTree = "<group>";
		};
		073BF27F2BC0B3B100DAED55 /* Views */ = {
			isa = PBXGroup;
			children = (
				11F011E22C07C913008D2A65 /* RealityView+WorldTracking.swift */,
				77DB515D2B8448A700A747BC /* ImmersiveView.swift */,
			);
			path = Views;
			sourceTree = "<group>";
		};
		073BF2802BC0B3B800DAED55 /* ECS */ = {
			isa = PBXGroup;
			children = (
				0728526B2BE601B500B453F0 /* Gameplay */,
				07B36A762BE2DDBA00DC920A /* Entity+Spaceship.swift */,
				078028812BD9DF78006A4598 /* Gravity.swift */,
			);
			path = ECS;
			sourceTree = "<group>";
		};
		076E69912BFA8B7000B49611 /* SpaceshipTests */ = {
			isa = PBXGroup;
			children = (
				076E69922BFA8B7000B49611 /* SpaceshipTests.swift */,
			);
			path = SpaceshipTests;
			sourceTree = "<group>";
		};
		0777FCD42BDDAAFC0060A96B /* Utility */ = {
			isa = PBXGroup;
			children = (
				073BF2772BC0875400DAED55 /* SceneReconstruction.swift */,
				0777FCD52BDDAB070060A96B /* SIMD+.swift */,
				075A206E2BEC0B500033276B /* UnorderedPair.swift */,
			);
			path = Utility;
			sourceTree = "<group>";
		};
		0777FCD72BDDABA50060A96B /* ViewModels */ = {
			isa = PBXGroup;
			children = (
				0777FCD82BDDABB90060A96B /* ImmersiveViewModel.swift */,
				07E6C2682C0287E30046AA5D /* ImmersiveViewModel+Spaceship.swift */,
				0791A50C2BF8272E0081A16F /* ImmersiveViewModel+Collisions.swift */,
			);
			path = ViewModels;
			sourceTree = "<group>";
		};
		07845B2F2BF40B1E004BA9C9 /* Studio */ = {
			isa = PBXGroup;
			children = (
				07845B302BF40B29004BA9C9 /* Studio_Collision.usda */,
			);
			path = Studio;
			sourceTree = "<group>";
		};
		07B93E4C2BACCBC000D5233B /* Resources */ = {
			isa = PBXGroup;
			children = (
				07845B2F2BF40B1E004BA9C9 /* Studio */,
			);
			path = Resources;
			sourceTree = "<group>";
		};
		28D3F1BC29F8A48EB8A585BA /* Configuration */ = {
			isa = PBXGroup;
			children = (
				3C4E05450CD208225B266934 /* SampleCode.xcconfig */,
			);
			name = Configuration;
			sourceTree = "<group>";
		};
		77DB51492B8448A700A747BC = {
			isa = PBXGroup;
			children = (
				C1DF9A863AAD686DA8828DB0 /* README.md */,
				77DB51542B8448A700A747BC /* Spaceship */,
				076E69912BFA8B7000B49611 /* SpaceshipTests */,
				77DB51532B8448A700A747BC /* Products */,
				071390F62BAE07A900D9C02F /* Frameworks */,
				28D3F1BC29F8A48EB8A585BA /* Configuration */,
				DFD33B21BA13339A3C583B43 /* LICENSE */,
			);
			sourceTree = "<group>";
		};
		77DB51532B8448A700A747BC /* Products */ = {
			isa = PBXGroup;
			children = (
				77DB51522B8448A700A747BC /* Spaceship.app */,
				076E69902BFA8B7000B49611 /* SpaceshipTests.xctest */,
			);
			name = Products;
			sourceTree = "<group>";
		};
		77DB51542B8448A700A747BC /* Spaceship */ = {
			isa = PBXGroup;
			children = (
				77DB51592B8448A700A747BC /* SpaceshipApp.swift */,
				073BF2752BC0834600DAED55 /* AppModel.swift */,
				073BF27F2BC0B3B100DAED55 /* Views */,
				0777FCD72BDDABA50060A96B /* ViewModels */,
				073BF2802BC0B3B800DAED55 /* ECS */,
				0777FCD42BDDAAFC0060A96B /* Utility */,
				07B93E4C2BACCBC000D5233B /* Resources */,
				77DB515F2B8448A800A747BC /* Assets.xcassets */,
				77DB51642B8448A800A747BC /* Info.plist */,
				77DB51612B8448A800A747BC /* Preview Content */,
			);
			path = Spaceship;
			sourceTree = "<group>";
		};
		77DB51612B8448A800A747BC /* Preview Content */ = {
			isa = PBXGroup;
			children = (
				77DB51622B8448A800A747BC /* Preview Assets.xcassets */,
			);
			path = "Preview Content";
			sourceTree = "<group>";
		};
		DFD33B21BA13339A3C583B43 /* LICENSE */ = {
			isa = PBXGroup;
			children = (
				81ECE40D18D6B80B5A2FA2DD /* LICENSE.txt */,
			);
			name = LICENSE;
			path = .;
			sourceTree = "<group>";
		};
/* End PBXGroup section */

/* Begin PBXNativeTarget section */
		076E698F2BFA8B7000B49611 /* SpaceshipTests */ = {
			isa = PBXNativeTarget;
			buildConfigurationList = 076E69962BFA8B7000B49611 /* Build configuration list for PBXNativeTarget "SpaceshipTests" */;
			buildPhases = (
				076E698C2BFA8B7000B49611 /* Sources */,
				076E698D2BFA8B7000B49611 /* Frameworks */,
				076E698E2BFA8B7000B49611 /* Resources */,
			);
			buildRules = (
			);
			dependencies = (
				076E69952BFA8B7000B49611 /* PBXTargetDependency */,
			);
			name = SpaceshipTests;
			productName = SpaceshipTests;
			productReference = 076E69902BFA8B7000B49611 /* SpaceshipTests.xctest */;
			productType = "com.apple.product-type.bundle.unit-test";
		};
		77DB51512B8448A700A747BC /* Spaceship */ = {
			isa = PBXNativeTarget;
			buildConfigurationList = 77DB51672B8448A800A747BC /* Build configuration list for PBXNativeTarget "Spaceship" */;
			buildPhases = (
				77DB514E2B8448A700A747BC /* Sources */,
				77DB514F2B8448A700A747BC /* Frameworks */,
				77DB51502B8448A700A747BC /* Resources */,
			);
			buildRules = (
			);
			dependencies = (
			);
			name = Spaceship;
			packageProductDependencies = (
				77DB51572B8448A700A747BC /* RealityKitContent */,
				07E807602BD078D70059CAA7 /* RealityKitContent */,
				074979052BED7C6B0049673A /* Studio */,
				073DB29F2BF677A300642FED /* Algorithms */,
			);
			productName = Spaceship;
			productReference = 77DB51522B8448A700A747BC /* Spaceship.app */;
			productType = "com.apple.product-type.application";
		};
/* End PBXNativeTarget section */

/* Begin PBXProject section */
		77DB514A2B8448A700A747BC /* Project object */ = {
			isa = PBXProject;
			attributes = {
				BuildIndependentTargetsInParallel = 1;
				LastSwiftUpdateCheck = 1600;
				LastUpgradeCheck = 1520;
				ORGANIZATIONNAME = Apple;
				TargetAttributes = {
					076E698F2BFA8B7000B49611 = {
						CreatedOnToolsVersion = 16.0;
						TestTargetID = 77DB51512B8448A700A747BC;
					};
					77DB51512B8448A700A747BC = {
						CreatedOnToolsVersion = 15.2;
					};
				};
			};
			buildConfigurationList = 77DB514D2B8448A700A747BC /* Build configuration list for PBXProject "Spaceship" */;
			compatibilityVersion = "Xcode 14.0";
			developmentRegion = en;
			hasScannedForEncodings = 0;
			knownRegions = (
				en,
				Base,
			);
			mainGroup = 77DB51492B8448A700A747BC;
			packageReferences = (
				073DB29E2BF677A300642FED /* XCRemoteSwiftPackageReference "swift-algorithms" */,
				07E8075F2BD078D70059CAA7 /* XCLocalSwiftPackageReference "Packages/RealityKitContent" */,
				074979042BED7C6B0049673A /* XCLocalSwiftPackageReference "Packages/Studio" */,
			);
			productRefGroup = 77DB51532B8448A700A747BC /* Products */;
			projectDirPath = "";
			projectRoot = "";
			targets = (
				77DB51512B8448A700A747BC /* Spaceship */,
				076E698F2BFA8B7000B49611 /* SpaceshipTests */,
			);
		};
/* End PBXProject section */

/* Begin PBXResourcesBuildPhase section */
		076E698E2BFA8B7000B49611 /* Resources */ = {
			isa = PBXResourcesBuildPhase;
			buildActionMask = 2147483647;
			files = (
			);
			runOnlyForDeploymentPostprocessing = 0;
		};
		77DB51502B8448A700A747BC /* Resources */ = {
			isa = PBXResourcesBuildPhase;
			buildActionMask = 2147483647;
			files = (
				07E806D42BCDBD880059CAA7 /* (null) in Resources */,
				77DB51632B8448A800A747BC /* Preview Assets.xcassets in Resources */,
				77DB51602B8448A800A747BC /* Assets.xcassets in Resources */,
				07845B312BF40B29004BA9C9 /* Studio_Collision.usda in Resources */,
			);
			runOnlyForDeploymentPostprocessing = 0;
		};
/* End PBXResourcesBuildPhase section */

/* Begin PBXSourcesBuildPhase section */
		076E698C2BFA8B7000B49611 /* Sources */ = {
			isa = PBXSourcesBuildPhase;
			buildActionMask = 2147483647;
			files = (
				076E69932BFA8B7000B49611 /* SpaceshipTests.swift in Sources */,
			);
			runOnlyForDeploymentPostprocessing = 0;
		};
		77DB514E2B8448A700A747BC /* Sources */ = {
			isa = PBXSourcesBuildPhase;
			buildActionMask = 2147483647;
			files = (
				07B36A772BE2DDBA00DC920A /* Entity+Spaceship.swift in Sources */,
				072852782BE6046900B453F0 /* Asteroid.swift in Sources */,
				0777FCD92BDDABB90060A96B /* ImmersiveViewModel.swift in Sources */,
				072852712BE6022900B453F0 /* Planet.swift in Sources */,
				07E6C2692C0287E30046AA5D /* ImmersiveViewModel+Spaceship.swift in Sources */,
				078028822BD9DF78006A4598 /* Gravity.swift in Sources */,
				075A206F2BEC0B500033276B /* UnorderedPair.swift in Sources */,
				073BF2762BC0834600DAED55 /* AppModel.swift in Sources */,
				77DB515A2B8448A700A747BC /* SpaceshipApp.swift in Sources */,
				072852762BE6045600B453F0 /* Cargo.swift in Sources */,
				77DB515E2B8448A700A747BC /* ImmersiveView.swift in Sources */,
				0728526F2BE6021200B453F0 /* Damage.swift in Sources */,
				0791A50D2BF8272E0081A16F /* ImmersiveViewModel+Collisions.swift in Sources */,
				11F011E32C07C91A008D2A65 /* RealityView+WorldTracking.swift in Sources */,
				073BF2782BC0875400DAED55 /* SceneReconstruction.swift in Sources */,
				0777FCD62BDDAB070060A96B /* SIMD+.swift in Sources */,
			);
			runOnlyForDeploymentPostprocessing = 0;
		};
/* End PBXSourcesBuildPhase section */

/* Begin PBXTargetDependency section */
		076E69952BFA8B7000B49611 /* PBXTargetDependency */ = {
			isa = PBXTargetDependency;
			target = 77DB51512B8448A700A747BC /* Spaceship */;
			targetProxy = 076E69942BFA8B7000B49611 /* PBXContainerItemProxy */;
		};
/* End PBXTargetDependency section */

/* Begin XCBuildConfiguration section */
		076E69972BFA8B7000B49611 /* Debug */ = {
			isa = XCBuildConfiguration;
			baseConfigurationReference = 3C4E05450CD208225B266934 /* SampleCode.xcconfig */;
			buildSettings = {
				BUNDLE_LOADER = "$(TEST_HOST)";
				CODE_SIGN_STYLE = Manual;
				CURRENT_PROJECT_VERSION = 1;
				DEVELOPMENT_TEAM = "";
				ENABLE_USER_SCRIPT_SANDBOXING = YES;
				GENERATE_INFOPLIST_FILE = YES;
				IPHONEOS_DEPLOYMENT_TARGET = 18.0;
				MARKETING_VERSION = 1.0;
				PRODUCT_BUNDLE_IDENTIFIER = "com.example.apple-samplecode.SpaceshipTests${SAMPLE_CODE_DISAMBIGUATOR}";
				PRODUCT_NAME = "$(TARGET_NAME)";
				PROVISIONING_PROFILE_SPECIFIER = "";
				SDKROOT = xros;
				SUPPORTED_PLATFORMS = "xros xrsimulator iphonesimulator iphoneos";
				SWIFT_EMIT_LOC_STRINGS = NO;
				SWIFT_VERSION = 5.0;
				TARGETED_DEVICE_FAMILY = "1,2";
				TEST_HOST = "$(BUILT_PRODUCTS_DIR)/Spaceship.app/$(BUNDLE_EXECUTABLE_FOLDER_PATH)/Spaceship";
				XROS_DEPLOYMENT_TARGET = 2.0;
			};
			name = Debug;
		};
		076E69982BFA8B7000B49611 /* Release */ = {
			isa = XCBuildConfiguration;
			baseConfigurationReference = 3C4E05450CD208225B266934 /* SampleCode.xcconfig */;
			buildSettings = {
				BUNDLE_LOADER = "$(TEST_HOST)";
				CODE_SIGN_STYLE = Manual;
				CURRENT_PROJECT_VERSION = 1;
				DEVELOPMENT_TEAM = "";
				ENABLE_USER_SCRIPT_SANDBOXING = YES;
				GENERATE_INFOPLIST_FILE = YES;
				IPHONEOS_DEPLOYMENT_TARGET = 18.0;
				MARKETING_VERSION = 1.0;
				PRODUCT_BUNDLE_IDENTIFIER = "com.example.apple-samplecode.SpaceshipTests${SAMPLE_CODE_DISAMBIGUATOR}";
				PRODUCT_NAME = "$(TARGET_NAME)";
				PROVISIONING_PROFILE_SPECIFIER = "";
				SDKROOT = xros;
				SUPPORTED_PLATFORMS = "xros xrsimulator iphonesimulator iphoneos";
				SWIFT_EMIT_LOC_STRINGS = NO;
				SWIFT_VERSION = 5.0;
				TARGETED_DEVICE_FAMILY = "1,2";
				TEST_HOST = "$(BUILT_PRODUCTS_DIR)/Spaceship.app/$(BUNDLE_EXECUTABLE_FOLDER_PATH)/Spaceship";
				XROS_DEPLOYMENT_TARGET = 2.0;
			};
			name = Release;
		};
		77DB51652B8448A800A747BC /* Debug */ = {
			isa = XCBuildConfiguration;
			baseConfigurationReference = 3C4E05450CD208225B266934 /* SampleCode.xcconfig */;
			buildSettings = {
				ALWAYS_SEARCH_USER_PATHS = NO;
				ASSETCATALOG_COMPILER_GENERATE_SWIFT_ASSET_SYMBOL_EXTENSIONS = YES;
				CLANG_ANALYZER_NONNULL = YES;
				CLANG_ANALYZER_NUMBER_OBJECT_CONVERSION = YES_AGGRESSIVE;
				CLANG_CXX_LANGUAGE_STANDARD = "gnu++20";
				CLANG_ENABLE_MODULES = YES;
				CLANG_ENABLE_OBJC_ARC = YES;
				CLANG_ENABLE_OBJC_WEAK = YES;
				CLANG_WARN_BLOCK_CAPTURE_AUTORELEASING = YES;
				CLANG_WARN_BOOL_CONVERSION = YES;
				CLANG_WARN_COMMA = YES;
				CLANG_WARN_CONSTANT_CONVERSION = YES;
				CLANG_WARN_DEPRECATED_OBJC_IMPLEMENTATIONS = YES;
				CLANG_WARN_DIRECT_OBJC_ISA_USAGE = YES_ERROR;
				CLANG_WARN_DOCUMENTATION_COMMENTS = YES;
				CLANG_WARN_EMPTY_BODY = YES;
				CLANG_WARN_ENUM_CONVERSION = YES;
				CLANG_WARN_INFINITE_RECURSION = YES;
				CLANG_WARN_INT_CONVERSION = YES;
				CLANG_WARN_NON_LITERAL_NULL_CONVERSION = YES;
				CLANG_WARN_OBJC_IMPLICIT_RETAIN_SELF = YES;
				CLANG_WARN_OBJC_LITERAL_CONVERSION = YES;
				CLANG_WARN_OBJC_ROOT_CLASS = YES_ERROR;
				CLANG_WARN_QUOTED_INCLUDE_IN_FRAMEWORK_HEADER = YES;
				CLANG_WARN_RANGE_LOOP_ANALYSIS = YES;
				CLANG_WARN_STRICT_PROTOTYPES = YES;
				CLANG_WARN_SUSPICIOUS_MOVE = YES;
				CLANG_WARN_UNGUARDED_AVAILABILITY = YES_AGGRESSIVE;
				CLANG_WARN_UNREACHABLE_CODE = YES;
				CLANG_WARN__DUPLICATE_METHOD_MATCH = YES;
				CODE_SIGN_IDENTITY = "-";
				CODE_SIGN_STYLE = Manual;
				COPY_PHASE_STRIP = NO;
				DEBUG_INFORMATION_FORMAT = dwarf;
				ENABLE_STRICT_OBJC_MSGSEND = YES;
				ENABLE_TESTABILITY = YES;
				ENABLE_USER_SCRIPT_SANDBOXING = YES;
				GCC_C_LANGUAGE_STANDARD = gnu17;
				GCC_DYNAMIC_NO_PIC = NO;
				GCC_NO_COMMON_BLOCKS = YES;
				GCC_OPTIMIZATION_LEVEL = 0;
				GCC_PREPROCESSOR_DEFINITIONS = (
					"DEBUG=1",
					"$(inherited)",
				);
				GCC_WARN_64_TO_32_BIT_CONVERSION = YES;
				GCC_WARN_ABOUT_RETURN_TYPE = YES_ERROR;
				GCC_WARN_UNDECLARED_SELECTOR = YES;
				GCC_WARN_UNINITIALIZED_AUTOS = YES_AGGRESSIVE;
				GCC_WARN_UNUSED_FUNCTION = YES;
				GCC_WARN_UNUSED_VARIABLE = YES;
				LOCALIZATION_PREFERS_STRING_CATALOGS = YES;
				MTL_ENABLE_DEBUG_INFO = INCLUDE_SOURCE;
				MTL_FAST_MATH = YES;
				ONLY_ACTIVE_ARCH = YES;
				SDKROOT = xros;
				SWIFT_ACTIVE_COMPILATION_CONDITIONS = "DEBUG $(inherited)";
				SWIFT_OPTIMIZATION_LEVEL = "-Onone";
				XROS_DEPLOYMENT_TARGET = 1.0;
			};
			name = Debug;
		};
		77DB51662B8448A800A747BC /* Release */ = {
			isa = XCBuildConfiguration;
			baseConfigurationReference = 3C4E05450CD208225B266934 /* SampleCode.xcconfig */;
			buildSettings = {
				ALWAYS_SEARCH_USER_PATHS = NO;
				ASSETCATALOG_COMPILER_GENERATE_SWIFT_ASSET_SYMBOL_EXTENSIONS = YES;
				CLANG_ANALYZER_NONNULL = YES;
				CLANG_ANALYZER_NUMBER_OBJECT_CONVERSION = YES_AGGRESSIVE;
				CLANG_CXX_LANGUAGE_STANDARD = "gnu++20";
				CLANG_ENABLE_MODULES = YES;
				CLANG_ENABLE_OBJC_ARC = YES;
				CLANG_ENABLE_OBJC_WEAK = YES;
				CLANG_WARN_BLOCK_CAPTURE_AUTORELEASING = YES;
				CLANG_WARN_BOOL_CONVERSION = YES;
				CLANG_WARN_COMMA = YES;
				CLANG_WARN_CONSTANT_CONVERSION = YES;
				CLANG_WARN_DEPRECATED_OBJC_IMPLEMENTATIONS = YES;
				CLANG_WARN_DIRECT_OBJC_ISA_USAGE = YES_ERROR;
				CLANG_WARN_DOCUMENTATION_COMMENTS = YES;
				CLANG_WARN_EMPTY_BODY = YES;
				CLANG_WARN_ENUM_CONVERSION = YES;
				CLANG_WARN_INFINITE_RECURSION = YES;
				CLANG_WARN_INT_CONVERSION = YES;
				CLANG_WARN_NON_LITERAL_NULL_CONVERSION = YES;
				CLANG_WARN_OBJC_IMPLICIT_RETAIN_SELF = YES;
				CLANG_WARN_OBJC_LITERAL_CONVERSION = YES;
				CLANG_WARN_OBJC_ROOT_CLASS = YES_ERROR;
				CLANG_WARN_QUOTED_INCLUDE_IN_FRAMEWORK_HEADER = YES;
				CLANG_WARN_RANGE_LOOP_ANALYSIS = YES;
				CLANG_WARN_STRICT_PROTOTYPES = YES;
				CLANG_WARN_SUSPICIOUS_MOVE = YES;
				CLANG_WARN_UNGUARDED_AVAILABILITY = YES_AGGRESSIVE;
				CLANG_WARN_UNREACHABLE_CODE = YES;
				CLANG_WARN__DUPLICATE_METHOD_MATCH = YES;
				CODE_SIGN_IDENTITY = "-";
				CODE_SIGN_STYLE = Manual;
				COPY_PHASE_STRIP = NO;
				DEBUG_INFORMATION_FORMAT = "dwarf-with-dsym";
				ENABLE_NS_ASSERTIONS = NO;
				ENABLE_STRICT_OBJC_MSGSEND = YES;
				ENABLE_USER_SCRIPT_SANDBOXING = YES;
				GCC_C_LANGUAGE_STANDARD = gnu17;
				GCC_NO_COMMON_BLOCKS = YES;
				GCC_WARN_64_TO_32_BIT_CONVERSION = YES;
				GCC_WARN_ABOUT_RETURN_TYPE = YES_ERROR;
				GCC_WARN_UNDECLARED_SELECTOR = YES;
				GCC_WARN_UNINITIALIZED_AUTOS = YES_AGGRESSIVE;
				GCC_WARN_UNUSED_FUNCTION = YES;
				GCC_WARN_UNUSED_VARIABLE = YES;
				LOCALIZATION_PREFERS_STRING_CATALOGS = YES;
				MTL_ENABLE_DEBUG_INFO = NO;
				MTL_FAST_MATH = YES;
				SDKROOT = xros;
				SWIFT_COMPILATION_MODE = wholemodule;
				VALIDATE_PRODUCT = YES;
				XROS_DEPLOYMENT_TARGET = 1.0;
			};
			name = Release;
		};
		77DB51682B8448A800A747BC /* Debug */ = {
			isa = XCBuildConfiguration;
			baseConfigurationReference = 3C4E05450CD208225B266934 /* SampleCode.xcconfig */;
			buildSettings = {
				AD_HOC_CODE_SIGNING_ALLOWED = YES;
				ASSETCATALOG_COMPILER_APPICON_NAME = AppIcon;
				ASSETCATALOG_COMPILER_GLOBAL_ACCENT_COLOR_NAME = AccentColor;
				CODE_SIGN_IDENTITY = "Apple Development";
				CODE_SIGN_STYLE = Automatic;
				CURRENT_PROJECT_VERSION = 1;
				DEVELOPMENT_ASSET_PATHS = "\"Spaceship/Preview Content\"";
				DEVELOPMENT_TEAM = V699S92Z6M;
				ENABLE_PREVIEWS = YES;
				ENABLE_USER_SCRIPT_SANDBOXING = YES;
				GENERATE_INFOPLIST_FILE = YES;
				INFOPLIST_FILE = "$(TARGET_NAME)/Info.plist";
				INFOPLIST_KEY_NSCameraUsageDescription = "On iOS, this app uses camera feed for its AR spaceship experience";
				INFOPLIST_KEY_UISupportedInterfaceOrientations_iPad = "UIInterfaceOrientationLandscapeLeft UIInterfaceOrientationLandscapeRight";
				LD_RUNPATH_SEARCH_PATHS = (
					"$(inherited)",
					"@executable_path/Frameworks",
				);
				MARKETING_VERSION = 1.0;
				PRODUCT_BUNDLE_IDENTIFIER = "com.example.apple-samplecode.Spaceship${SAMPLE_CODE_DISAMBIGUATOR}";
				PRODUCT_NAME = "$(TARGET_NAME)";
				PROVISIONING_PROFILE_SPECIFIER = "";
				SDKROOT = xros;
				SUPPORTED_PLATFORMS = "iphoneos iphonesimulator xros xrsimulator";
				SUPPORTS_MACCATALYST = NO;
				SWIFT_EMIT_LOC_STRINGS = YES;
				SWIFT_VERSION = 5.0;
				TARGETED_DEVICE_FAMILY = "1,2,7";
				XROS_DEPLOYMENT_TARGET = 2.0;
			};
			name = Debug;
		};
		77DB51692B8448A800A747BC /* Release */ = {
			isa = XCBuildConfiguration;
			baseConfigurationReference = 3C4E05450CD208225B266934 /* SampleCode.xcconfig */;
			buildSettings = {
				AD_HOC_CODE_SIGNING_ALLOWED = YES;
				ASSETCATALOG_COMPILER_APPICON_NAME = AppIcon;
				ASSETCATALOG_COMPILER_GLOBAL_ACCENT_COLOR_NAME = AccentColor;
				CODE_SIGN_IDENTITY = "Apple Development";
				CODE_SIGN_STYLE = Automatic;
				CURRENT_PROJECT_VERSION = 1;
				DEVELOPMENT_ASSET_PATHS = "\"Spaceship/Preview Content\"";
				DEVELOPMENT_TEAM = V699S92Z6M;
				ENABLE_PREVIEWS = YES;
				ENABLE_USER_SCRIPT_SANDBOXING = YES;
				GENERATE_INFOPLIST_FILE = YES;
				INFOPLIST_FILE = "$(TARGET_NAME)/Info.plist";
				INFOPLIST_KEY_NSCameraUsageDescription = "On iOS, this app uses camera feed for its AR spaceship experience";
				INFOPLIST_KEY_UISupportedInterfaceOrientations_iPad = "UIInterfaceOrientationLandscapeLeft UIInterfaceOrientationLandscapeRight";
				LD_RUNPATH_SEARCH_PATHS = (
					"$(inherited)",
					"@executable_path/Frameworks",
				);
				MARKETING_VERSION = 1.0;
				PRODUCT_BUNDLE_IDENTIFIER = "com.example.apple-samplecode.Spaceship${SAMPLE_CODE_DISAMBIGUATOR}";
				PRODUCT_NAME = "$(TARGET_NAME)";
				PROVISIONING_PROFILE_SPECIFIER = "";
				SDKROOT = xros;
				SUPPORTED_PLATFORMS = "iphoneos iphonesimulator xros xrsimulator";
				SUPPORTS_MACCATALYST = NO;
				SWIFT_EMIT_LOC_STRINGS = YES;
				SWIFT_VERSION = 5.0;
				TARGETED_DEVICE_FAMILY = "1,2,7";
				XROS_DEPLOYMENT_TARGET = 2.0;
			};
			name = Release;
		};
/* End XCBuildConfiguration section */

/* Begin XCConfigurationList section */
		076E69962BFA8B7000B49611 /* Build configuration list for PBXNativeTarget "SpaceshipTests" */ = {
			isa = XCConfigurationList;
			buildConfigurations = (
				076E69972BFA8B7000B49611 /* Debug */,
				076E69982BFA8B7000B49611 /* Release */,
			);
			defaultConfigurationIsVisible = 0;
			defaultConfigurationName = Release;
		};
		77DB514D2B8448A700A747BC /* Build configuration list for PBXProject "Spaceship" */ = {
			isa = XCConfigurationList;
			buildConfigurations = (
				77DB51652B8448A800A747BC /* Debug */,
				77DB51662B8448A800A747BC /* Release */,
			);
			defaultConfigurationIsVisible = 0;
			defaultConfigurationName = Release;
		};
		77DB51672B8448A800A747BC /* Build configuration list for PBXNativeTarget "Spaceship" */ = {
			isa = XCConfigurationList;
			buildConfigurations = (
				77DB51682B8448A800A747BC /* Debug */,
				77DB51692B8448A800A747BC /* Release */,
			);
			defaultConfigurationIsVisible = 0;
			defaultConfigurationName = Release;
		};
/* End XCConfigurationList section */

/* Begin XCLocalSwiftPackageReference section */
		074979042BED7C6B0049673A /* XCLocalSwiftPackageReference "Packages/Studio" */ = {
			isa = XCLocalSwiftPackageReference;
			relativePath = Packages/Studio;
		};
		07E8075F2BD078D70059CAA7 /* XCLocalSwiftPackageReference "Packages/RealityKitContent" */ = {
			isa = XCLocalSwiftPackageReference;
			relativePath = Packages/RealityKitContent;
		};
/* End XCLocalSwiftPackageReference section */

/* Begin XCRemoteSwiftPackageReference section */
		073DB29E2BF677A300642FED /* XCRemoteSwiftPackageReference "swift-algorithms" */ = {
			isa = XCRemoteSwiftPackageReference;
			repositoryURL = "https://github.com/apple/swift-algorithms.git";
			requirement = {
				kind = upToNextMajorVersion;
				minimumVersion = 1.2.0;
			};
		};
/* End XCRemoteSwiftPackageReference section */

/* Begin XCSwiftPackageProductDependency section */
		073DB29F2BF677A300642FED /* Algorithms */ = {
			isa = XCSwiftPackageProductDependency;
			package = 073DB29E2BF677A300642FED /* XCRemoteSwiftPackageReference "swift-algorithms" */;
			productName = Algorithms;
		};
		074979052BED7C6B0049673A /* Studio */ = {
			isa = XCSwiftPackageProductDependency;
			productName = Studio;
		};
		07E807602BD078D70059CAA7 /* RealityKitContent */ = {
			isa = XCSwiftPackageProductDependency;
			productName = RealityKitContent;
		};
		77DB51572B8448A700A747BC /* RealityKitContent */ = {
			isa = XCSwiftPackageProductDependency;
			productName = RealityKitContent;
		};
/* End XCSwiftPackageProductDependency section */
	};
	rootObject = 77DB514A2B8448A700A747BC /* Project object */;
}
